
Microsoft Visual Studio Solution File, Format Version 12.00
# Visual Studio 15
VisualStudioVersion = 15.0.27004.2005
MinimumVisualStudioVersion = 10.0.40219.1
Project("{FAE04EC0-301F-11D3-BF4B-00C04F79EFBC}") = "FishInABox", "FishInABox\FishInABox.csproj", "{A9346168-3787-4A48-B57C-9E55E2166966}"
EndProject
Global
	GlobalSection(SolutionConfigurationPlatforms) = preSolution
		Debug|Any CPU = Debug|Any CPU
		Release|Any CPU = Release|Any CPU
	EndGlobalSection
	GlobalSection(ProjectConfigurationPlatforms) = postSolution
		{A9346168-3787-4A48-B57C-9E55E2166966}.Debug|Any CPU.ActiveCfg = Debug|Any CPU
		{A9346168-3787-4A48-B57C-9E55E2166966}.Debug|Any CPU.Build.0 = Debug|Any CPU
		{A9346168-3787-4A48-B57C-9E55E2166966}.Release|Any CPU.ActiveCfg = Release|Any CPU
		{A9346168-3787-4A48-B57C-9E55E2166966}.Release|Any CPU.Build.0 = Release|Any CPU
	EndGlobalSection
	GlobalSection(SolutionProperties) = preSolution
		HideSolutionNode = FALSE
	EndGlobalSection
	GlobalSection(ExtensibilityGlobals) = postSolution
		SolutionGuid = {774EEAA6-6BC4-46C2-8C6A-44838897400D}
	EndGlobalSection
EndGlobal
