
Microsoft Visual Studio Solution File, Format Version 12.00
# Visual Studio 15
VisualStudioVersion = 15.0.27004.2009
MinimumVisualStudioVersion = 10.0.40219.1
Project("{FAE04EC0-301F-11D3-BF4B-00C04F79EFBC}") = "ImportFishTankLogWPF", "ImportFishTankLogWPF\ImportFishTankLogWPF.csproj", "{9775EB15-DA7B-4BCF-A8DB-30ED569D543B}"
EndProject
Project("{FAE04EC0-301F-11D3-BF4B-00C04F79EFBC}") = "WpfDialogManagement", "WpfDialogManagement\WpfDialogManagement.csproj", "{104D608C-81EF-4110-B0FA-6E78166F93D0}"
EndProject
Global
	GlobalSection(SolutionConfigurationPlatforms) = preSolution
		Debug|Any CPU = Debug|Any CPU
		Release|Any CPU = Release|Any CPU
	EndGlobalSection
	GlobalSection(ProjectConfigurationPlatforms) = postSolution
		{9775EB15-DA7B-4BCF-A8DB-30ED569D543B}.Debug|Any CPU.ActiveCfg = Debug|Any CPU
		{9775EB15-DA7B-4BCF-A8DB-30ED569D543B}.Debug|Any CPU.Build.0 = Debug|Any CPU
		{9775EB15-DA7B-4BCF-A8DB-30ED569D543B}.Release|Any CPU.ActiveCfg = Release|Any CPU
		{9775EB15-DA7B-4BCF-A8DB-30ED569D543B}.Release|Any CPU.Build.0 = Release|Any CPU
		{104D608C-81EF-4110-B0FA-6E78166F93D0}.Debug|Any CPU.ActiveCfg = Debug|Any CPU
		{104D608C-81EF-4110-B0FA-6E78166F93D0}.Debug|Any CPU.Build.0 = Debug|Any CPU
		{104D608C-81EF-4110-B0FA-6E78166F93D0}.Release|Any CPU.ActiveCfg = Release|Any CPU
		{104D608C-81EF-4110-B0FA-6E78166F93D0}.Release|Any CPU.Build.0 = Release|Any CPU
	EndGlobalSection
	GlobalSection(SolutionProperties) = preSolution
		HideSolutionNode = FALSE
	EndGlobalSection
	GlobalSection(ExtensibilityGlobals) = postSolution
		SolutionGuid = {12BCDF98-BCE3-44B9-9988-4B0BA935B556}
	EndGlobalSection
EndGlobal
